
Microsoft Visual Studio Solution File, Format Version 12.00
# Visual Studio Version 17
VisualStudioVersion = 17.4.33205.214
MinimumVisualStudioVersion = 10.0.40219.1
Project("{FAE04EC0-301F-11D3-BF4B-00C04F79EFBC}") = "NETCORE6", "NETCORE6\NETCORE6.csproj", "{74E057DB-7EAC-4D00-8850-F91442429887}"
EndProject
Global
	GlobalSection(SolutionConfigurationPlatforms) = preSolution
		Debug|Any CPU = Debug|Any CPU
		Release|Any CPU = Release|Any CPU
	EndGlobalSection
	GlobalSection(ProjectConfigurationPlatforms) = postSolution
		{74E057DB-7EAC-4D00-8850-F91442429887}.Debug|Any CPU.ActiveCfg = Debug|Any CPU
		{74E057DB-7EAC-4D00-8850-F91442429887}.Debug|Any CPU.Build.0 = Debug|Any CPU
		{74E057DB-7EAC-4D00-8850-F91442429887}.Release|Any CPU.ActiveCfg = Release|Any CPU
		{74E057DB-7EAC-4D00-8850-F91442429887}.Release|Any CPU.Build.0 = Release|Any CPU
	EndGlobalSection
	GlobalSection(SolutionProperties) = preSolution
		HideSolutionNode = FALSE
	EndGlobalSection
	GlobalSection(ExtensibilityGlobals) = postSolution
		SolutionGuid = {3BC1E1B8-DCBD-4C02-8FF5-73AAFDF509E5}
	EndGlobalSection
EndGlobal
